
Microsoft Visual Studio Solution File, Format Version 12.00
# Visual Studio 14
VisualStudioVersion = 14.0.25420.1
MinimumVisualStudioVersion = 10.0.40219.1
Project("{FAE04EC0-301F-11D3-BF4B-00C04F79EFBC}") = "test0628_GitTry2", "test0628_GitTry2\test0628_GitTry2.csproj", "{F661C127-DF7A-4DB2-A106-528EA8304769}"
EndProject
Global
	GlobalSection(SolutionConfigurationPlatforms) = preSolution
		Debug|Any CPU = Debug|Any CPU
		Release|Any CPU = Release|Any CPU
	EndGlobalSection
	GlobalSection(ProjectConfigurationPlatforms) = postSolution
		{F661C127-DF7A-4DB2-A106-528EA8304769}.Debug|Any CPU.ActiveCfg = Debug|Any CPU
		{F661C127-DF7A-4DB2-A106-528EA8304769}.Debug|Any CPU.Build.0 = Debug|Any CPU
		{F661C127-DF7A-4DB2-A106-528EA8304769}.Release|Any CPU.ActiveCfg = Release|Any CPU
		{F661C127-DF7A-4DB2-A106-528EA8304769}.Release|Any CPU.Build.0 = Release|Any CPU
	EndGlobalSection
	GlobalSection(SolutionProperties) = preSolution
		HideSolutionNode = FALSE
	EndGlobalSection
EndGlobal
